{
    "version": 3,
    "terraform_version": "0.11.10",
    "serial": 16,
    "lineage": "ba4f9774-3470-dd9b-163d-2c363ebd01fc",
    "modules": [
        {
            "path": [
                "root"
            ],
            "outputs": {},
            "resources": {
                "google_compute_instance.default": {
                    "type": "google_compute_instance",
                    "depends_on": [],
                    "primary": {
                        "id": "jenkins",
                        "attributes": {
                            "attached_disk.#": "0",
                            "boot_disk.#": "1",
                            "boot_disk.0.auto_delete": "true",
                            "boot_disk.0.device_name": "persistent-disk-0",
                            "boot_disk.0.disk_encryption_key_raw": "",
                            "boot_disk.0.disk_encryption_key_sha256": "",
                            "boot_disk.0.initialize_params.#": "1",
                            "boot_disk.0.initialize_params.0.image": "https://www.googleapis.com/compute/v1/projects/centos-cloud/global/images/centos-7-v20181113",
                            "boot_disk.0.initialize_params.0.size": "10",
                            "boot_disk.0.initialize_params.0.type": "pd-standard",
                            "boot_disk.0.source": "https://www.googleapis.com/compute/v1/projects/the-dock-219509/zones/europe-west2-c/disks/jenkins",
                            "can_ip_forward": "false",
                            "cpu_platform": "Intel Broadwell",
                            "create_timeout": "4",
                            "deletion_protection": "false",
                            "guest_accelerator.#": "0",
                            "id": "jenkins",
                            "instance_id": "6767768931923927631",
                            "label_fingerprint": "42WmSpB8rSM=",
                            "labels.%": "0",
                            "machine_type": "f1-micro",
                            "metadata.%": "1",
                            "metadata.sshKeys": "terraform:ssh-rsa AAAAB3NzaC1yc2EAAAADAQABAAABAQCl27f2kbhDnQFWav+N+3Tga144BiNMpd/secQnsUzQEaUbUWOAOEBzrKt83oZkRoi1q4ETLeN5o0G6KSrnNlnq2xMVNmmq1cze8FkGp9ycieSkz9hqDvqWTgVLs6akH6XUrDEEB9MifrqVMdtBlu50ODgmbB5uTXf6dzDV7Pzsqr/+A9xx2cFgNQgQ6w5/8gOn+Xq1fSt0cKbTs8bvCBj+VXj9TYh5Vw8/zzylIDx5rEKR5IhFxSXwVgVyk1J/vRaa9DS7xjVHcrwLufbSvpR/0BKjO8PEveF9H5bek9MhGTE1tFeyYDhVH4a5RrFOf433zrv0ChPAxF7q+E5Kx5TF yousefalinasser@terraform-instance\n",
                            "metadata_fingerprint": "ySTqNKDWNew=",
                            "metadata_startup_script": "",
                            "min_cpu_platform": "",
                            "name": "jenkins",
                            "network_interface.#": "1",
                            "network_interface.0.access_config.#": "1",
                            "network_interface.0.access_config.0.assigned_nat_ip": "35.189.67.132",
                            "network_interface.0.access_config.0.nat_ip": "35.189.67.132",
                            "network_interface.0.access_config.0.network_tier": "PREMIUM",
                            "network_interface.0.access_config.0.public_ptr_domain_name": "",
                            "network_interface.0.address": "10.154.0.4",
                            "network_interface.0.alias_ip_range.#": "0",
                            "network_interface.0.name": "nic0",
                            "network_interface.0.network": "https://www.googleapis.com/compute/v1/projects/the-dock-219509/global/networks/default",
                            "network_interface.0.network_ip": "10.154.0.4",
                            "network_interface.0.subnetwork": "https://www.googleapis.com/compute/v1/projects/the-dock-219509/regions/europe-west2/subnetworks/default",
                            "network_interface.0.subnetwork_project": "the-dock-219509",
                            "project": "the-dock-219509",
                            "scheduling.#": "1",
                            "scheduling.0.automatic_restart": "false",
                            "scheduling.0.on_host_maintenance": "MIGRATE",
                            "scheduling.0.preemptible": "false",
                            "scratch_disk.#": "0",
                            "self_link": "https://www.googleapis.com/compute/v1/projects/the-dock-219509/zones/europe-west2-c/instances/jenkins",
                            "service_account.#": "0",
                            "tags.#": "2",
                            "tags.1438809362": "jenkins",
                            "tags.988335155": "http-server",
                            "tags_fingerprint": "74fLrx2fvgE=",
                            "zone": "europe-west2-c"
                        },
                        "meta": {
                            "e2bfb730-ecaa-11e6-8f88-34363bc7c4c0": {
                                "create": 360000000000,
                                "delete": 360000000000,
                                "update": 360000000000
                            },
                            "schema_version": "6"
                        },
                        "tainted": false
                    },
                    "deposed": [],
                    "provider": "provider.google"
                }
            },
            "depends_on": []
        }
    ]
}
